# THIS IS AN AUTOGENERATED FILE. DO NOT EDIT THIS FILE DIRECTLY.
# yarn lockfile v1


"@types/node@^14.0.14":
  version "14.0.14"
  resolved "https://registry.yarnpkg.com/@types/node/-/node-14.0.14.tgz#24a0b5959f16ac141aeb0c5b3cd7a15b7c64cbce"
  integrity sha512-syUgf67ZQpaJj01/tRTknkMNoBBLWJOBODF0Zm4NrXmiSuxjymFrxnTu1QVYRubhVkRcZLYZG8STTwJRdVm/WQ==

"@types/vscode@^1.45.0":
  version "1.46.0"
  resolved "https://registry.yarnpkg.com/@types/vscode/-/vscode-1.46.0.tgz#53f2075986e901ed25cd1ec5f3ffa5db84a111b3"
  integrity sha512-8m9wPEB2mcRqTWNKs9A9Eqs8DrQZt0qNFO8GkxBOnyW6xR//3s77SoMgb/nY1ctzACsZXwZj3YRTDsn4bAoaUw==

typescript@3.9.6:
  version "3.9.6"
  resolved "https://registry.yarnpkg.com/typescript/-/typescript-3.9.6.tgz#8f3e0198a34c3ae17091b35571d3afd31999365a"
  integrity sha512-Pspx3oKAPJtjNwE92YS05HQoY7z2SFyOpHo9MqJor3BXAGNaPUs83CuVp9VISFkSjyRfiTpmKuAYGJB7S7hOxw==
