# THIS IS AN AUTOGENERATED FILE. DO NOT EDIT THIS FILE DIRECTLY.
# yarn lockfile v1


"@types/node@14.0.11":
  version "14.0.11"
  resolved "https://registry.yarnpkg.com/@types/node/-/node-14.0.11.tgz#61d4886e2424da73b7b25547f59fdcb534c165a3"
  integrity sha512-lCvvI24L21ZVeIiyIUHZ5Oflv1hhHQ5E1S25IRlKIXaRkVgmXpJMI3wUJkmym2bTbCe+WoIibQnMVAU3FguaOg==

"@types/vscode@1.45.1":
  version "1.45.1"
  resolved "https://registry.yarnpkg.com/@types/vscode/-/vscode-1.45.1.tgz#672fb8c2cc33cf14cd4d3bdaa19bb294fe2b2706"
  integrity sha512-0NO9qrrEJBO8FsqHCrFMgR2suKnwCsKBWvRSb2OzH5gs4i3QO5AhEMQYrSzDbU/wLPt7N617/rN9lPY213gmwg==

typescript@3.9.5:
  version "3.9.5"
  resolved "https://registry.yarnpkg.com/typescript/-/typescript-3.9.5.tgz#586f0dba300cde8be52dd1ac4f7e1009c1b13f36"
  integrity sha512-hSAifV3k+i6lEoCJ2k6R2Z/rp/H3+8sdmcn5NrS3/3kE7+RyZXm9aqvxWqjEXHAd8b0pShatpcdMTvEdvAJltQ==
