# THIS IS AN AUTOGENERATED FILE. DO NOT EDIT THIS FILE DIRECTLY.
# yarn lockfile v1


"@types/node@16.4.7":
  version "16.4.7"
  resolved "https://registry.yarnpkg.com/@types/node/-/node-16.4.7.tgz#f7afa78769d4b477f5092d7c3468e2e8653d779c"
  integrity sha512-aDDY54sst8sx47CWT6QQqIZp45yURq4dic0+HCYfYNcY5Ejlb/CLmFnRLfy3wQuYafOeh3lB/DAKaqRKBtcZmA==

"@types/vscode@1.58.1":
  version "1.58.1"
  resolved "https://registry.yarnpkg.com/@types/vscode/-/vscode-1.58.1.tgz#7deae08792adc73fa57383244a0c79d3530df4f7"
  integrity sha512-sa76rDXiSif09he8KoaWWUQxsuBr2+uND0xn1GUbEODkuEjp2p7Rqd3t5qlvklfmAedLFdL7MdnsPa57uzwcOw==

typescript@4.3.5:
  version "4.3.5"
  resolved "https://registry.yarnpkg.com/typescript/-/typescript-4.3.5.tgz#4d1c37cc16e893973c45a06886b7113234f119f4"
  integrity sha512-DqQgihaQ9cUrskJo9kIyW/+g0Vxsk8cDtZ52a3NGh0YNTfpUSArXSohyUGnvbPazEPLu398C0UxmKSOrPumUzA==
